// !$*UTF8*$!
{
	archiveVersion = 1;
	classes = {
	};
	objectVersion = 46;
	objects = {

/* Begin PBXBuildFile section */
		250C18B21E83764300591980 /* Login.storyboard in Resources */ = {isa = PBXBuildFile; fileRef = 250C18B01E83764300591980 /* Login.storyboard */; };
		250C18B71E837B9500591980 /* LoadAnimationView.swift in Sources */ = {isa = PBXBuildFile; fileRef = 250C18B61E837B9500591980 /* LoadAnimationView.swift */; };
		250C18BA1E837CA400591980 /* UITextField+NextTextField.swift in Sources */ = {isa = PBXBuildFile; fileRef = 250C18B91E837CA400591980 /* UITextField+NextTextField.swift */; };
		250C18BC1E837E4300591980 /* Keys.plist in Resources */ = {isa = PBXBuildFile; fileRef = 250C18BB1E837E4300591980 /* Keys.plist */; };
		253007B81E84CDA8006D383B /* LoginViewController.swift in Sources */ = {isa = PBXBuildFile; fileRef = 253007B71E84CDA8006D383B /* LoginViewController.swift */; };
		253AC6BA1E7F6B4000A19AD8 /* AppDelegate.swift in Sources */ = {isa = PBXBuildFile; fileRef = 253AC6B91E7F6B4000A19AD8 /* AppDelegate.swift */; };
		253AC6BF1E7F6B4000A19AD8 /* Main.storyboard in Resources */ = {isa = PBXBuildFile; fileRef = 253AC6BD1E7F6B4000A19AD8 /* Main.storyboard */; };
		253AC6C11E7F6B4000A19AD8 /* Assets.xcassets in Resources */ = {isa = PBXBuildFile; fileRef = 253AC6C01E7F6B4000A19AD8 /* Assets.xcassets */; };
		253AC6C41E7F6B4000A19AD8 /* LaunchScreen.storyboard in Resources */ = {isa = PBXBuildFile; fileRef = 253AC6C21E7F6B4000A19AD8 /* LaunchScreen.storyboard */; };
		253AC6CF1E7F6B4100A19AD8 /* huddleTests.swift in Sources */ = {isa = PBXBuildFile; fileRef = 253AC6CE1E7F6B4100A19AD8 /* huddleTests.swift */; };
		253AC6DA1E7F6B4100A19AD8 /* huddleUITests.swift in Sources */ = {isa = PBXBuildFile; fileRef = 253AC6D91E7F6B4100A19AD8 /* huddleUITests.swift */; };
		253AC6E81E7F6C8500A19AD8 /* MapViewController.swift in Sources */ = {isa = PBXBuildFile; fileRef = 253AC6E71E7F6C8500A19AD8 /* MapViewController.swift */; };
		2545D6561E8BB68800CB9479 /* LayoutUtils.swift in Sources */ = {isa = PBXBuildFile; fileRef = 2545D6551E8BB68800CB9479 /* LayoutUtils.swift */; };
		258915471E88D73A00488A67 /* MenuView.xib in Resources */ = {isa = PBXBuildFile; fileRef = 258915461E88D73A00488A67 /* MenuView.xib */; };
		258915491E88DB8B00488A67 /* MenuView.swift in Sources */ = {isa = PBXBuildFile; fileRef = 258915481E88DB8B00488A67 /* MenuView.swift */; };
		2589154E1E88ECC800488A67 /* NewPinTypeSelectionView.swift in Sources */ = {isa = PBXBuildFile; fileRef = 2589154D1E88ECC800488A67 /* NewPinTypeSelectionView.swift */; };
		258915501E88ECDB00488A67 /* NewPinTypeSelectionView.xib in Resources */ = {isa = PBXBuildFile; fileRef = 2589154F1E88ECDB00488A67 /* NewPinTypeSelectionView.xib */; };
		258915521E88EE0A00488A67 /* NewPinTypeCollectionViewCell.xib in Resources */ = {isa = PBXBuildFile; fileRef = 258915511E88EE0A00488A67 /* NewPinTypeCollectionViewCell.xib */; };
		258915541E88EE9700488A67 /* NewPinTypeCollectionViewCell.swift in Sources */ = {isa = PBXBuildFile; fileRef = 258915531E88EE9700488A67 /* NewPinTypeCollectionViewCell.swift */; };
		258915571E88F0AB00488A67 /* PinType.swift in Sources */ = {isa = PBXBuildFile; fileRef = 258915561E88F0AB00488A67 /* PinType.swift */; };
		258915591E89116200488A67 /* NewPinComposeView.swift in Sources */ = {isa = PBXBuildFile; fileRef = 258915581E89116200488A67 /* NewPinComposeView.swift */; };
		2589155B1E8911E500488A67 /* NewPinComposeView.xib in Resources */ = {isa = PBXBuildFile; fileRef = 2589155A1E8911E500488A67 /* NewPinComposeView.xib */; };
		25C3598F1E8913FB00936ECB /* CustomTextView.swift in Sources */ = {isa = PBXBuildFile; fileRef = 25C3598E1E8913FB00936ECB /* CustomTextView.swift */; };
		25E957921E89DEF30090C002 /* Pin.swift in Sources */ = {isa = PBXBuildFile; fileRef = 25E957911E89DEF30090C002 /* Pin.swift */; };
		25E957941E8A001C0090C002 /* FreedomBubblePinDetailView.xib in Resources */ = {isa = PBXBuildFile; fileRef = 25E957931E8A001C0090C002 /* FreedomBubblePinDetailView.xib */; };
		25E957961E8AD2E70090C002 /* PinDetailView.swift in Sources */ = {isa = PBXBuildFile; fileRef = 25E957951E8AD2E60090C002 /* PinDetailView.swift */; };
		25E957991E8B9C470090C002 /* WiFiPinDetailView.xib in Resources */ = {isa = PBXBuildFile; fileRef = 25E957981E8B9C470090C002 /* WiFiPinDetailView.xib */; };
		25E9579B1E8B9EF80090C002 /* WiFiPinDetailView.swift in Sources */ = {isa = PBXBuildFile; fileRef = 25E9579A1E8B9EF80090C002 /* WiFiPinDetailView.swift */; };
		25E9579D1E8BA5E80090C002 /* FreedomBubblePinDetailView.swift in Sources */ = {isa = PBXBuildFile; fileRef = 25E9579C1E8BA5E80090C002 /* FreedomBubblePinDetailView.swift */; };
		735C79B11DE8024CA5636B52 /* Pods_huddle.framework in Frameworks */ = {isa = PBXBuildFile; fileRef = 782B4D7D4C042563EDEC93C5 /* Pods_huddle.framework */; };
/* End PBXBuildFile section */

/* Begin PBXContainerItemProxy section */
		253AC6CB1E7F6B4100A19AD8 /* PBXContainerItemProxy */ = {
			isa = PBXContainerItemProxy;
			containerPortal = 253AC6AE1E7F6B4000A19AD8 /* Project object */;
			proxyType = 1;
			remoteGlobalIDString = 253AC6B51E7F6B4000A19AD8;
			remoteInfo = huddle;
		};
		253AC6D61E7F6B4100A19AD8 /* PBXContainerItemProxy */ = {
			isa = PBXContainerItemProxy;
			containerPortal = 253AC6AE1E7F6B4000A19AD8 /* Project object */;
			proxyType = 1;
			remoteGlobalIDString = 253AC6B51E7F6B4000A19AD8;
			remoteInfo = huddle;
		};
/* End PBXContainerItemProxy section */

/* Begin PBXFileReference section */
		189C7D519965531ACF209DE4 /* Pods-huddle.debug.xcconfig */ = {isa = PBXFileReference; includeInIndex = 1; lastKnownFileType = text.xcconfig; name = "Pods-huddle.debug.xcconfig"; path = "Pods/Target Support Files/Pods-huddle/Pods-huddle.debug.xcconfig"; sourceTree = "<group>"; };
		250C18B01E83764300591980 /* Login.storyboard */ = {isa = PBXFileReference; fileEncoding = 4; lastKnownFileType = file.storyboard; path = Login.storyboard; sourceTree = "<group>"; };
		250C18B61E837B9500591980 /* LoadAnimationView.swift */ = {isa = PBXFileReference; fileEncoding = 4; lastKnownFileType = sourcecode.swift; path = LoadAnimationView.swift; sourceTree = "<group>"; };
		250C18B91E837CA400591980 /* UITextField+NextTextField.swift */ = {isa = PBXFileReference; fileEncoding = 4; lastKnownFileType = sourcecode.swift; path = "UITextField+NextTextField.swift"; sourceTree = "<group>"; };
		250C18BB1E837E4300591980 /* Keys.plist */ = {isa = PBXFileReference; fileEncoding = 4; lastKnownFileType = text.plist.xml; path = Keys.plist; sourceTree = "<group>"; };
		253007B71E84CDA8006D383B /* LoginViewController.swift */ = {isa = PBXFileReference; fileEncoding = 4; lastKnownFileType = sourcecode.swift; path = LoginViewController.swift; sourceTree = "<group>"; };
		253AC6B61E7F6B4000A19AD8 /* huddle.app */ = {isa = PBXFileReference; explicitFileType = wrapper.application; includeInIndex = 0; path = huddle.app; sourceTree = BUILT_PRODUCTS_DIR; };
		253AC6B91E7F6B4000A19AD8 /* AppDelegate.swift */ = {isa = PBXFileReference; lastKnownFileType = sourcecode.swift; path = AppDelegate.swift; sourceTree = "<group>"; };
		253AC6BE1E7F6B4000A19AD8 /* Base */ = {isa = PBXFileReference; lastKnownFileType = file.storyboard; name = Base; path = Base.lproj/Main.storyboard; sourceTree = "<group>"; };
		253AC6C01E7F6B4000A19AD8 /* Assets.xcassets */ = {isa = PBXFileReference; lastKnownFileType = folder.assetcatalog; path = Assets.xcassets; sourceTree = "<group>"; };
		253AC6C31E7F6B4000A19AD8 /* Base */ = {isa = PBXFileReference; lastKnownFileType = file.storyboard; name = Base; path = Base.lproj/LaunchScreen.storyboard; sourceTree = "<group>"; };
		253AC6C51E7F6B4000A19AD8 /* Info.plist */ = {isa = PBXFileReference; lastKnownFileType = text.plist.xml; path = Info.plist; sourceTree = "<group>"; };
		253AC6CA1E7F6B4100A19AD8 /* huddleTests.xctest */ = {isa = PBXFileReference; explicitFileType = wrapper.cfbundle; includeInIndex = 0; path = huddleTests.xctest; sourceTree = BUILT_PRODUCTS_DIR; };
		253AC6CE1E7F6B4100A19AD8 /* huddleTests.swift */ = {isa = PBXFileReference; lastKnownFileType = sourcecode.swift; path = huddleTests.swift; sourceTree = "<group>"; };
		253AC6D01E7F6B4100A19AD8 /* Info.plist */ = {isa = PBXFileReference; lastKnownFileType = text.plist.xml; path = Info.plist; sourceTree = "<group>"; };
		253AC6D51E7F6B4100A19AD8 /* huddleUITests.xctest */ = {isa = PBXFileReference; explicitFileType = wrapper.cfbundle; includeInIndex = 0; path = huddleUITests.xctest; sourceTree = BUILT_PRODUCTS_DIR; };
		253AC6D91E7F6B4100A19AD8 /* huddleUITests.swift */ = {isa = PBXFileReference; lastKnownFileType = sourcecode.swift; path = huddleUITests.swift; sourceTree = "<group>"; };
		253AC6DB1E7F6B4100A19AD8 /* Info.plist */ = {isa = PBXFileReference; lastKnownFileType = text.plist.xml; path = Info.plist; sourceTree = "<group>"; };
		253AC6E71E7F6C8500A19AD8 /* MapViewController.swift */ = {isa = PBXFileReference; fileEncoding = 4; lastKnownFileType = sourcecode.swift; path = MapViewController.swift; sourceTree = "<group>"; };
		2545D6551E8BB68800CB9479 /* LayoutUtils.swift */ = {isa = PBXFileReference; fileEncoding = 4; lastKnownFileType = sourcecode.swift; path = LayoutUtils.swift; sourceTree = "<group>"; };
		258915461E88D73A00488A67 /* MenuView.xib */ = {isa = PBXFileReference; fileEncoding = 4; lastKnownFileType = file.xib; path = MenuView.xib; sourceTree = "<group>"; };
		258915481E88DB8B00488A67 /* MenuView.swift */ = {isa = PBXFileReference; fileEncoding = 4; lastKnownFileType = sourcecode.swift; path = MenuView.swift; sourceTree = "<group>"; };
		2589154D1E88ECC800488A67 /* NewPinTypeSelectionView.swift */ = {isa = PBXFileReference; fileEncoding = 4; lastKnownFileType = sourcecode.swift; path = NewPinTypeSelectionView.swift; sourceTree = "<group>"; };
		2589154F1E88ECDB00488A67 /* NewPinTypeSelectionView.xib */ = {isa = PBXFileReference; fileEncoding = 4; lastKnownFileType = file.xib; path = NewPinTypeSelectionView.xib; sourceTree = "<group>"; };
		258915511E88EE0A00488A67 /* NewPinTypeCollectionViewCell.xib */ = {isa = PBXFileReference; fileEncoding = 4; lastKnownFileType = file.xib; path = NewPinTypeCollectionViewCell.xib; sourceTree = "<group>"; };
		258915531E88EE9700488A67 /* NewPinTypeCollectionViewCell.swift */ = {isa = PBXFileReference; fileEncoding = 4; lastKnownFileType = sourcecode.swift; path = NewPinTypeCollectionViewCell.swift; sourceTree = "<group>"; };
		258915561E88F0AB00488A67 /* PinType.swift */ = {isa = PBXFileReference; fileEncoding = 4; lastKnownFileType = sourcecode.swift; path = PinType.swift; sourceTree = "<group>"; };
		258915581E89116200488A67 /* NewPinComposeView.swift */ = {isa = PBXFileReference; fileEncoding = 4; lastKnownFileType = sourcecode.swift; path = NewPinComposeView.swift; sourceTree = "<group>"; };
		2589155A1E8911E500488A67 /* NewPinComposeView.xib */ = {isa = PBXFileReference; fileEncoding = 4; lastKnownFileType = file.xib; path = NewPinComposeView.xib; sourceTree = "<group>"; };
		25C3598E1E8913FB00936ECB /* CustomTextView.swift */ = {isa = PBXFileReference; fileEncoding = 4; lastKnownFileType = sourcecode.swift; path = CustomTextView.swift; sourceTree = "<group>"; };
		25E957911E89DEF30090C002 /* Pin.swift */ = {isa = PBXFileReference; fileEncoding = 4; lastKnownFileType = sourcecode.swift; path = Pin.swift; sourceTree = "<group>"; };
		25E957931E8A001C0090C002 /* FreedomBubblePinDetailView.xib */ = {isa = PBXFileReference; fileEncoding = 4; lastKnownFileType = file.xib; path = FreedomBubblePinDetailView.xib; sourceTree = "<group>"; };
		25E957951E8AD2E60090C002 /* PinDetailView.swift */ = {isa = PBXFileReference; fileEncoding = 4; lastKnownFileType = sourcecode.swift; path = PinDetailView.swift; sourceTree = "<group>"; };
		25E957981E8B9C470090C002 /* WiFiPinDetailView.xib */ = {isa = PBXFileReference; fileEncoding = 4; lastKnownFileType = file.xib; path = WiFiPinDetailView.xib; sourceTree = "<group>"; };
		25E9579A1E8B9EF80090C002 /* WiFiPinDetailView.swift */ = {isa = PBXFileReference; fileEncoding = 4; lastKnownFileType = sourcecode.swift; path = WiFiPinDetailView.swift; sourceTree = "<group>"; };
		25E9579C1E8BA5E80090C002 /* FreedomBubblePinDetailView.swift */ = {isa = PBXFileReference; fileEncoding = 4; lastKnownFileType = sourcecode.swift; path = FreedomBubblePinDetailView.swift; sourceTree = "<group>"; };
		69B7F20890245A25B5CAC77E /* Pods-huddle.release.xcconfig */ = {isa = PBXFileReference; includeInIndex = 1; lastKnownFileType = text.xcconfig; name = "Pods-huddle.release.xcconfig"; path = "Pods/Target Support Files/Pods-huddle/Pods-huddle.release.xcconfig"; sourceTree = "<group>"; };
		782B4D7D4C042563EDEC93C5 /* Pods_huddle.framework */ = {isa = PBXFileReference; explicitFileType = wrapper.framework; includeInIndex = 0; path = Pods_huddle.framework; sourceTree = BUILT_PRODUCTS_DIR; };
/* End PBXFileReference section */

/* Begin PBXFrameworksBuildPhase section */
		253AC6B31E7F6B4000A19AD8 /* Frameworks */ = {
			isa = PBXFrameworksBuildPhase;
			buildActionMask = 2147483647;
			files = (
				735C79B11DE8024CA5636B52 /* Pods_huddle.framework in Frameworks */,
			);
			runOnlyForDeploymentPostprocessing = 0;
		};
		253AC6C71E7F6B4100A19AD8 /* Frameworks */ = {
			isa = PBXFrameworksBuildPhase;
			buildActionMask = 2147483647;
			files = (
			);
			runOnlyForDeploymentPostprocessing = 0;
		};
		253AC6D21E7F6B4100A19AD8 /* Frameworks */ = {
			isa = PBXFrameworksBuildPhase;
			buildActionMask = 2147483647;
			files = (
			);
			runOnlyForDeploymentPostprocessing = 0;
		};
/* End PBXFrameworksBuildPhase section */

/* Begin PBXGroup section */
		250C18B41E83764900591980 /* Login */ = {
			isa = PBXGroup;
			children = (
				250C18B01E83764300591980 /* Login.storyboard */,
				253007B71E84CDA8006D383B /* LoginViewController.swift */,
				250C18B61E837B9500591980 /* LoadAnimationView.swift */,
			);
			name = Login;
			sourceTree = "<group>";
		};
		250C18B51E83765100591980 /* Map */ = {
			isa = PBXGroup;
			children = (
				253AC6E71E7F6C8500A19AD8 /* MapViewController.swift */,
				25E957911E89DEF30090C002 /* Pin.swift */,
				258915481E88DB8B00488A67 /* MenuView.swift */,
				2589154D1E88ECC800488A67 /* NewPinTypeSelectionView.swift */,
				258915531E88EE9700488A67 /* NewPinTypeCollectionViewCell.swift */,
				258915581E89116200488A67 /* NewPinComposeView.swift */,
				25E957951E8AD2E60090C002 /* PinDetailView.swift */,
				25E9579C1E8BA5E80090C002 /* FreedomBubblePinDetailView.swift */,
				25E9579A1E8B9EF80090C002 /* WiFiPinDetailView.swift */,
				2589154A1E88DB9400488A67 /* Layout */,
			);
			name = Map;
			sourceTree = "<group>";
		};
		250C18B81E837C7700591980 /* Extensions */ = {
			isa = PBXGroup;
			children = (
				250C18B91E837CA400591980 /* UITextField+NextTextField.swift */,
			);
			name = Extensions;
			sourceTree = "<group>";
		};
		253AC6AD1E7F6B4000A19AD8 = {
			isa = PBXGroup;
			children = (
				253AC6B81E7F6B4000A19AD8 /* huddle */,
				253AC6CD1E7F6B4100A19AD8 /* huddleTests */,
				253AC6D81E7F6B4100A19AD8 /* huddleUITests */,
				253AC6B71E7F6B4000A19AD8 /* Products */,
				2F3CE7C83EFD582618F9C04B /* Pods */,
				50C6B9F52035C4259BF0DDAA /* Frameworks */,
			);
			sourceTree = "<group>";
		};
		253AC6B71E7F6B4000A19AD8 /* Products */ = {
			isa = PBXGroup;
			children = (
				253AC6B61E7F6B4000A19AD8 /* huddle.app */,
				253AC6CA1E7F6B4100A19AD8 /* huddleTests.xctest */,
				253AC6D51E7F6B4100A19AD8 /* huddleUITests.xctest */,
			);
			name = Products;
			sourceTree = "<group>";
		};
		253AC6B81E7F6B4000A19AD8 /* huddle */ = {
			isa = PBXGroup;
			children = (
				253AC6B91E7F6B4000A19AD8 /* AppDelegate.swift */,
				250C18B41E83764900591980 /* Login */,
				250C18B51E83765100591980 /* Map */,
				253AC6C21E7F6B4000A19AD8 /* LaunchScreen.storyboard */,
				253AC6BD1E7F6B4000A19AD8 /* Main.storyboard */,
				253AC6C01E7F6B4000A19AD8 /* Assets.xcassets */,
				258915551E88F01200488A67 /* Custom Classes */,
				250C18B81E837C7700591980 /* Extensions */,
				25E957971E8B3A630090C002 /* Utilities */,
				253AC6C51E7F6B4000A19AD8 /* Info.plist */,
				250C18BB1E837E4300591980 /* Keys.plist */,
			);
			path = huddle;
			sourceTree = "<group>";
		};
		253AC6CD1E7F6B4100A19AD8 /* huddleTests */ = {
			isa = PBXGroup;
			children = (
				253AC6CE1E7F6B4100A19AD8 /* huddleTests.swift */,
				253AC6D01E7F6B4100A19AD8 /* Info.plist */,
			);
			path = huddleTests;
			sourceTree = "<group>";
		};
		253AC6D81E7F6B4100A19AD8 /* huddleUITests */ = {
			isa = PBXGroup;
			children = (
				253AC6D91E7F6B4100A19AD8 /* huddleUITests.swift */,
				253AC6DB1E7F6B4100A19AD8 /* Info.plist */,
			);
			path = huddleUITests;
			sourceTree = "<group>";
		};
		2589154A1E88DB9400488A67 /* Layout */ = {
			isa = PBXGroup;
			children = (
				258915461E88D73A00488A67 /* MenuView.xib */,
				2589154F1E88ECDB00488A67 /* NewPinTypeSelectionView.xib */,
				258915511E88EE0A00488A67 /* NewPinTypeCollectionViewCell.xib */,
				2589155A1E8911E500488A67 /* NewPinComposeView.xib */,
				25E957931E8A001C0090C002 /* FreedomBubblePinDetailView.xib */,
				25E957981E8B9C470090C002 /* WiFiPinDetailView.xib */,
			);
			name = Layout;
			sourceTree = "<group>";
		};
		258915551E88F01200488A67 /* Custom Classes */ = {
			isa = PBXGroup;
			children = (
				25C3598E1E8913FB00936ECB /* CustomTextView.swift */,
			);
			name = "Custom Classes";
			sourceTree = "<group>";
		};
		25E957971E8B3A630090C002 /* Utilities */ = {
			isa = PBXGroup;
			children = (
				2545D6551E8BB68800CB9479 /* LayoutUtils.swift */,
				258915561E88F0AB00488A67 /* PinType.swift */,
			);
			name = Utilities;
			sourceTree = "<group>";
		};
		2F3CE7C83EFD582618F9C04B /* Pods */ = {
			isa = PBXGroup;
			children = (
				189C7D519965531ACF209DE4 /* Pods-huddle.debug.xcconfig */,
				69B7F20890245A25B5CAC77E /* Pods-huddle.release.xcconfig */,
			);
			name = Pods;
			sourceTree = "<group>";
		};
		50C6B9F52035C4259BF0DDAA /* Frameworks */ = {
			isa = PBXGroup;
			children = (
				782B4D7D4C042563EDEC93C5 /* Pods_huddle.framework */,
			);
			name = Frameworks;
			sourceTree = "<group>";
		};
/* End PBXGroup section */

/* Begin PBXNativeTarget section */
		253AC6B51E7F6B4000A19AD8 /* huddle */ = {
			isa = PBXNativeTarget;
			buildConfigurationList = 253AC6DE1E7F6B4100A19AD8 /* Build configuration list for PBXNativeTarget "huddle" */;
			buildPhases = (
				38B53B62B877A9FB9F838808 /* [CP] Check Pods Manifest.lock */,
				253AC6B21E7F6B4000A19AD8 /* Sources */,
				253AC6B31E7F6B4000A19AD8 /* Frameworks */,
				253AC6B41E7F6B4000A19AD8 /* Resources */,
				9A4813F5AD293265DCABA1BE /* [CP] Embed Pods Frameworks */,
				39F266A4317429F3740CE93B /* [CP] Copy Pods Resources */,
			);
			buildRules = (
			);
			dependencies = (
			);
			name = huddle;
			productName = huddle;
			productReference = 253AC6B61E7F6B4000A19AD8 /* huddle.app */;
			productType = "com.apple.product-type.application";
		};
		253AC6C91E7F6B4100A19AD8 /* huddleTests */ = {
			isa = PBXNativeTarget;
			buildConfigurationList = 253AC6E11E7F6B4100A19AD8 /* Build configuration list for PBXNativeTarget "huddleTests" */;
			buildPhases = (
				253AC6C61E7F6B4100A19AD8 /* Sources */,
				253AC6C71E7F6B4100A19AD8 /* Frameworks */,
				253AC6C81E7F6B4100A19AD8 /* Resources */,
			);
			buildRules = (
			);
			dependencies = (
				253AC6CC1E7F6B4100A19AD8 /* PBXTargetDependency */,
			);
			name = huddleTests;
			productName = huddleTests;
			productReference = 253AC6CA1E7F6B4100A19AD8 /* huddleTests.xctest */;
			productType = "com.apple.product-type.bundle.unit-test";
		};
		253AC6D41E7F6B4100A19AD8 /* huddleUITests */ = {
			isa = PBXNativeTarget;
			buildConfigurationList = 253AC6E41E7F6B4100A19AD8 /* Build configuration list for PBXNativeTarget "huddleUITests" */;
			buildPhases = (
				253AC6D11E7F6B4100A19AD8 /* Sources */,
				253AC6D21E7F6B4100A19AD8 /* Frameworks */,
				253AC6D31E7F6B4100A19AD8 /* Resources */,
			);
			buildRules = (
			);
			dependencies = (
				253AC6D71E7F6B4100A19AD8 /* PBXTargetDependency */,
			);
			name = huddleUITests;
			productName = huddleUITests;
			productReference = 253AC6D51E7F6B4100A19AD8 /* huddleUITests.xctest */;
			productType = "com.apple.product-type.bundle.ui-testing";
		};
/* End PBXNativeTarget section */

/* Begin PBXProject section */
		253AC6AE1E7F6B4000A19AD8 /* Project object */ = {
			isa = PBXProject;
			attributes = {
				LastSwiftUpdateCheck = 0820;
				LastUpgradeCheck = 0820;
				ORGANIZATIONNAME = "Mateo Garcia";
				TargetAttributes = {
					253AC6B51E7F6B4000A19AD8 = {
						CreatedOnToolsVersion = 8.2.1;
						DevelopmentTeam = 9VEX7Q727F;
						ProvisioningStyle = Automatic;
					};
					253AC6C91E7F6B4100A19AD8 = {
						CreatedOnToolsVersion = 8.2.1;
						DevelopmentTeam = 9VEX7Q727F;
						ProvisioningStyle = Automatic;
						TestTargetID = 253AC6B51E7F6B4000A19AD8;
					};
					253AC6D41E7F6B4100A19AD8 = {
						CreatedOnToolsVersion = 8.2.1;
						DevelopmentTeam = 9VEX7Q727F;
						ProvisioningStyle = Automatic;
						TestTargetID = 253AC6B51E7F6B4000A19AD8;
					};
				};
			};
			buildConfigurationList = 253AC6B11E7F6B4000A19AD8 /* Build configuration list for PBXProject "huddle" */;
			compatibilityVersion = "Xcode 3.2";
			developmentRegion = English;
			hasScannedForEncodings = 0;
			knownRegions = (
				en,
				Base,
			);
			mainGroup = 253AC6AD1E7F6B4000A19AD8;
			productRefGroup = 253AC6B71E7F6B4000A19AD8 /* Products */;
			projectDirPath = "";
			projectRoot = "";
			targets = (
				253AC6B51E7F6B4000A19AD8 /* huddle */,
				253AC6C91E7F6B4100A19AD8 /* huddleTests */,
				253AC6D41E7F6B4100A19AD8 /* huddleUITests */,
			);
		};
/* End PBXProject section */

/* Begin PBXResourcesBuildPhase section */
		253AC6B41E7F6B4000A19AD8 /* Resources */ = {
			isa = PBXResourcesBuildPhase;
			buildActionMask = 2147483647;
			files = (
				2589155B1E8911E500488A67 /* NewPinComposeView.xib in Resources */,
				258915471E88D73A00488A67 /* MenuView.xib in Resources */,
				250C18B21E83764300591980 /* Login.storyboard in Resources */,
				253AC6C41E7F6B4000A19AD8 /* LaunchScreen.storyboard in Resources */,
				258915501E88ECDB00488A67 /* NewPinTypeSelectionView.xib in Resources */,
				25E957941E8A001C0090C002 /* FreedomBubblePinDetailView.xib in Resources */,
				25E957991E8B9C470090C002 /* WiFiPinDetailView.xib in Resources */,
				253AC6C11E7F6B4000A19AD8 /* Assets.xcassets in Resources */,
				253AC6BF1E7F6B4000A19AD8 /* Main.storyboard in Resources */,
				258915521E88EE0A00488A67 /* NewPinTypeCollectionViewCell.xib in Resources */,
				250C18BC1E837E4300591980 /* Keys.plist in Resources */,
			);
			runOnlyForDeploymentPostprocessing = 0;
		};
		253AC6C81E7F6B4100A19AD8 /* Resources */ = {
			isa = PBXResourcesBuildPhase;
			buildActionMask = 2147483647;
			files = (
			);
			runOnlyForDeploymentPostprocessing = 0;
		};
		253AC6D31E7F6B4100A19AD8 /* Resources */ = {
			isa = PBXResourcesBuildPhase;
			buildActionMask = 2147483647;
			files = (
			);
			runOnlyForDeploymentPostprocessing = 0;
		};
/* End PBXResourcesBuildPhase section */

/* Begin PBXShellScriptBuildPhase section */
		38B53B62B877A9FB9F838808 /* [CP] Check Pods Manifest.lock */ = {
			isa = PBXShellScriptBuildPhase;
			buildActionMask = 2147483647;
			files = (
			);
			inputPaths = (
			);
			name = "[CP] Check Pods Manifest.lock";
			outputPaths = (
			);
			runOnlyForDeploymentPostprocessing = 0;
			shellPath = /bin/sh;
			shellScript = "diff \"${PODS_ROOT}/../Podfile.lock\" \"${PODS_ROOT}/Manifest.lock\" > /dev/null\nif [ $? != 0 ] ; then\n    # print error to STDERR\n    echo \"error: The sandbox is not in sync with the Podfile.lock. Run 'pod install' or update your CocoaPods installation.\" >&2\n    exit 1\nfi\n";
			showEnvVarsInLog = 0;
		};
		39F266A4317429F3740CE93B /* [CP] Copy Pods Resources */ = {
			isa = PBXShellScriptBuildPhase;
			buildActionMask = 2147483647;
			files = (
			);
			inputPaths = (
			);
			name = "[CP] Copy Pods Resources";
			outputPaths = (
			);
			runOnlyForDeploymentPostprocessing = 0;
			shellPath = /bin/sh;
			shellScript = "\"${SRCROOT}/Pods/Target Support Files/Pods-huddle/Pods-huddle-resources.sh\"\n";
			showEnvVarsInLog = 0;
		};
		9A4813F5AD293265DCABA1BE /* [CP] Embed Pods Frameworks */ = {
			isa = PBXShellScriptBuildPhase;
			buildActionMask = 2147483647;
			files = (
			);
			inputPaths = (
			);
			name = "[CP] Embed Pods Frameworks";
			outputPaths = (
			);
			runOnlyForDeploymentPostprocessing = 0;
			shellPath = /bin/sh;
			shellScript = "\"${SRCROOT}/Pods/Target Support Files/Pods-huddle/Pods-huddle-frameworks.sh\"\n";
			showEnvVarsInLog = 0;
		};
/* End PBXShellScriptBuildPhase section */

/* Begin PBXSourcesBuildPhase section */
		253AC6B21E7F6B4000A19AD8 /* Sources */ = {
			isa = PBXSourcesBuildPhase;
			buildActionMask = 2147483647;
			files = (
				250C18BA1E837CA400591980 /* UITextField+NextTextField.swift in Sources */,
				258915491E88DB8B00488A67 /* MenuView.swift in Sources */,
				25E9579D1E8BA5E80090C002 /* FreedomBubblePinDetailView.swift in Sources */,
				250C18B71E837B9500591980 /* LoadAnimationView.swift in Sources */,
				25E957921E89DEF30090C002 /* Pin.swift in Sources */,
				258915541E88EE9700488A67 /* NewPinTypeCollectionViewCell.swift in Sources */,
				253AC6BA1E7F6B4000A19AD8 /* AppDelegate.swift in Sources */,
				25E9579B1E8B9EF80090C002 /* WiFiPinDetailView.swift in Sources */,
				25E957961E8AD2E70090C002 /* PinDetailView.swift in Sources */,
				25C3598F1E8913FB00936ECB /* CustomTextView.swift in Sources */,
				253007B81E84CDA8006D383B /* LoginViewController.swift in Sources */,
				2545D6561E8BB68800CB9479 /* LayoutUtils.swift in Sources */,
				258915571E88F0AB00488A67 /* PinType.swift in Sources */,
				2589154E1E88ECC800488A67 /* NewPinTypeSelectionView.swift in Sources */,
				258915591E89116200488A67 /* NewPinComposeView.swift in Sources */,
				253AC6E81E7F6C8500A19AD8 /* MapViewController.swift in Sources */,
			);
			runOnlyForDeploymentPostprocessing = 0;
		};
		253AC6C61E7F6B4100A19AD8 /* Sources */ = {
			isa = PBXSourcesBuildPhase;
			buildActionMask = 2147483647;
			files = (
				253AC6CF1E7F6B4100A19AD8 /* huddleTests.swift in Sources */,
			);
			runOnlyForDeploymentPostprocessing = 0;
		};
		253AC6D11E7F6B4100A19AD8 /* Sources */ = {
			isa = PBXSourcesBuildPhase;
			buildActionMask = 2147483647;
			files = (
				253AC6DA1E7F6B4100A19AD8 /* huddleUITests.swift in Sources */,
			);
			runOnlyForDeploymentPostprocessing = 0;
		};
/* End PBXSourcesBuildPhase section */

/* Begin PBXTargetDependency section */
		253AC6CC1E7F6B4100A19AD8 /* PBXTargetDependency */ = {
			isa = PBXTargetDependency;
			target = 253AC6B51E7F6B4000A19AD8 /* huddle */;
			targetProxy = 253AC6CB1E7F6B4100A19AD8 /* PBXContainerItemProxy */;
		};
		253AC6D71E7F6B4100A19AD8 /* PBXTargetDependency */ = {
			isa = PBXTargetDependency;
			target = 253AC6B51E7F6B4000A19AD8 /* huddle */;
			targetProxy = 253AC6D61E7F6B4100A19AD8 /* PBXContainerItemProxy */;
		};
/* End PBXTargetDependency section */

/* Begin PBXVariantGroup section */
		253AC6BD1E7F6B4000A19AD8 /* Main.storyboard */ = {
			isa = PBXVariantGroup;
			children = (
				253AC6BE1E7F6B4000A19AD8 /* Base */,
			);
			name = Main.storyboard;
			sourceTree = "<group>";
		};
		253AC6C21E7F6B4000A19AD8 /* LaunchScreen.storyboard */ = {
			isa = PBXVariantGroup;
			children = (
				253AC6C31E7F6B4000A19AD8 /* Base */,
			);
			name = LaunchScreen.storyboard;
			sourceTree = "<group>";
		};
/* End PBXVariantGroup section */

/* Begin XCBuildConfiguration section */
		253AC6DC1E7F6B4100A19AD8 /* Debug */ = {
			isa = XCBuildConfiguration;
			buildSettings = {
				ALWAYS_SEARCH_USER_PATHS = NO;
				CLANG_ANALYZER_NONNULL = YES;
				CLANG_CXX_LANGUAGE_STANDARD = "gnu++0x";
				CLANG_CXX_LIBRARY = "libc++";
				CLANG_ENABLE_MODULES = YES;
				CLANG_ENABLE_OBJC_ARC = YES;
				CLANG_WARN_BOOL_CONVERSION = YES;
				CLANG_WARN_CONSTANT_CONVERSION = YES;
				CLANG_WARN_DIRECT_OBJC_ISA_USAGE = YES_ERROR;
				CLANG_WARN_DOCUMENTATION_COMMENTS = YES;
				CLANG_WARN_EMPTY_BODY = YES;
				CLANG_WARN_ENUM_CONVERSION = YES;
				CLANG_WARN_INFINITE_RECURSION = YES;
				CLANG_WARN_INT_CONVERSION = YES;
				CLANG_WARN_OBJC_ROOT_CLASS = YES_ERROR;
				CLANG_WARN_SUSPICIOUS_MOVE = YES;
				CLANG_WARN_UNREACHABLE_CODE = YES;
				CLANG_WARN__DUPLICATE_METHOD_MATCH = YES;
				"CODE_SIGN_IDENTITY[sdk=iphoneos*]" = "iPhone Developer";
				COPY_PHASE_STRIP = NO;
				DEBUG_INFORMATION_FORMAT = dwarf;
				ENABLE_STRICT_OBJC_MSGSEND = YES;
				ENABLE_TESTABILITY = YES;
				GCC_C_LANGUAGE_STANDARD = gnu99;
				GCC_DYNAMIC_NO_PIC = NO;
				GCC_NO_COMMON_BLOCKS = YES;
				GCC_OPTIMIZATION_LEVEL = 0;
				GCC_PREPROCESSOR_DEFINITIONS = (
					"DEBUG=1",
					"$(inherited)",
				);
				GCC_WARN_64_TO_32_BIT_CONVERSION = YES;
				GCC_WARN_ABOUT_RETURN_TYPE = YES_ERROR;
				GCC_WARN_UNDECLARED_SELECTOR = YES;
				GCC_WARN_UNINITIALIZED_AUTOS = YES_AGGRESSIVE;
				GCC_WARN_UNUSED_FUNCTION = YES;
				GCC_WARN_UNUSED_VARIABLE = YES;
				IPHONEOS_DEPLOYMENT_TARGET = 10.2;
				MTL_ENABLE_DEBUG_INFO = YES;
				ONLY_ACTIVE_ARCH = YES;
				SDKROOT = iphoneos;
				SWIFT_ACTIVE_COMPILATION_CONDITIONS = DEBUG;
				SWIFT_OPTIMIZATION_LEVEL = "-Onone";
			};
			name = Debug;
		};
		253AC6DD1E7F6B4100A19AD8 /* Release */ = {
			isa = XCBuildConfiguration;
			buildSettings = {
				ALWAYS_SEARCH_USER_PATHS = NO;
				CLANG_ANALYZER_NONNULL = YES;
				CLANG_CXX_LANGUAGE_STANDARD = "gnu++0x";
				CLANG_CXX_LIBRARY = "libc++";
				CLANG_ENABLE_MODULES = YES;
				CLANG_ENABLE_OBJC_ARC = YES;
				CLANG_WARN_BOOL_CONVERSION = YES;
				CLANG_WARN_CONSTANT_CONVERSION = YES;
				CLANG_WARN_DIRECT_OBJC_ISA_USAGE = YES_ERROR;
				CLANG_WARN_DOCUMENTATION_COMMENTS = YES;
				CLANG_WARN_EMPTY_BODY = YES;
				CLANG_WARN_ENUM_CONVERSION = YES;
				CLANG_WARN_INFINITE_RECURSION = YES;
				CLANG_WARN_INT_CONVERSION = YES;
				CLANG_WARN_OBJC_ROOT_CLASS = YES_ERROR;
				CLANG_WARN_SUSPICIOUS_MOVE = YES;
				CLANG_WARN_UNREACHABLE_CODE = YES;
				CLANG_WARN__DUPLICATE_METHOD_MATCH = YES;
				"CODE_SIGN_IDENTITY[sdk=iphoneos*]" = "iPhone Developer";
				COPY_PHASE_STRIP = NO;
				DEBUG_INFORMATION_FORMAT = "dwarf-with-dsym";
				ENABLE_NS_ASSERTIONS = NO;
				ENABLE_STRICT_OBJC_MSGSEND = YES;
				GCC_C_LANGUAGE_STANDARD = gnu99;
				GCC_NO_COMMON_BLOCKS = YES;
				GCC_WARN_64_TO_32_BIT_CONVERSION = YES;
				GCC_WARN_ABOUT_RETURN_TYPE = YES_ERROR;
				GCC_WARN_UNDECLARED_SELECTOR = YES;
				GCC_WARN_UNINITIALIZED_AUTOS = YES_AGGRESSIVE;
				GCC_WARN_UNUSED_FUNCTION = YES;
				GCC_WARN_UNUSED_VARIABLE = YES;
				IPHONEOS_DEPLOYMENT_TARGET = 10.2;
				MTL_ENABLE_DEBUG_INFO = NO;
				SDKROOT = iphoneos;
				SWIFT_OPTIMIZATION_LEVEL = "-Owholemodule";
				VALIDATE_PRODUCT = YES;
			};
			name = Release;
		};
		253AC6DF1E7F6B4100A19AD8 /* Debug */ = {
			isa = XCBuildConfiguration;
			baseConfigurationReference = 189C7D519965531ACF209DE4 /* Pods-huddle.debug.xcconfig */;
			buildSettings = {
				ASSETCATALOG_COMPILER_APPICON_NAME = AppIcon;
				DEVELOPMENT_TEAM = 9VEX7Q727F;
				INFOPLIST_FILE = huddle/Info.plist;
				LD_RUNPATH_SEARCH_PATHS = "$(inherited) @executable_path/Frameworks";
				PRODUCT_BUNDLE_IDENTIFIER = winter.thomas.huddle;
				PRODUCT_NAME = "$(TARGET_NAME)";
				SWIFT_VERSION = 3.0;
			};
			name = Debug;
		};
		253AC6E01E7F6B4100A19AD8 /* Release */ = {
			isa = XCBuildConfiguration;
			baseConfigurationReference = 69B7F20890245A25B5CAC77E /* Pods-huddle.release.xcconfig */;
			buildSettings = {
				ASSETCATALOG_COMPILER_APPICON_NAME = AppIcon;
				DEVELOPMENT_TEAM = 9VEX7Q727F;
				INFOPLIST_FILE = huddle/Info.plist;
				LD_RUNPATH_SEARCH_PATHS = "$(inherited) @executable_path/Frameworks";
				PRODUCT_BUNDLE_IDENTIFIER = winter.thomas.huddle;
				PRODUCT_NAME = "$(TARGET_NAME)";
				SWIFT_VERSION = 3.0;
			};
			name = Release;
		};
		253AC6E21E7F6B4100A19AD8 /* Debug */ = {
			isa = XCBuildConfiguration;
			buildSettings = {
				ALWAYS_EMBED_SWIFT_STANDARD_LIBRARIES = YES;
				BUNDLE_LOADER = "$(TEST_HOST)";
				DEVELOPMENT_TEAM = 9VEX7Q727F;
				INFOPLIST_FILE = huddleTests/Info.plist;
				LD_RUNPATH_SEARCH_PATHS = "$(inherited) @executable_path/Frameworks @loader_path/Frameworks";
				PRODUCT_BUNDLE_IDENTIFIER = winter.thomas.huddleTests;
				PRODUCT_NAME = "$(TARGET_NAME)";
				SWIFT_VERSION = 3.0;
				TEST_HOST = "$(BUILT_PRODUCTS_DIR)/huddle.app/huddle";
			};
			name = Debug;
		};
		253AC6E31E7F6B4100A19AD8 /* Release */ = {
			isa = XCBuildConfiguration;
			buildSettings = {
				ALWAYS_EMBED_SWIFT_STANDARD_LIBRARIES = YES;
				BUNDLE_LOADER = "$(TEST_HOST)";
				DEVELOPMENT_TEAM = 9VEX7Q727F;
				INFOPLIST_FILE = huddleTests/Info.plist;
				LD_RUNPATH_SEARCH_PATHS = "$(inherited) @executable_path/Frameworks @loader_path/Frameworks";
				PRODUCT_BUNDLE_IDENTIFIER = winter.thomas.huddleTests;
				PRODUCT_NAME = "$(TARGET_NAME)";
				SWIFT_VERSION = 3.0;
				TEST_HOST = "$(BUILT_PRODUCTS_DIR)/huddle.app/huddle";
			};
			name = Release;
		};
		253AC6E51E7F6B4100A19AD8 /* Debug */ = {
			isa = XCBuildConfiguration;
			buildSettings = {
				ALWAYS_EMBED_SWIFT_STANDARD_LIBRARIES = YES;
				DEVELOPMENT_TEAM = 9VEX7Q727F;
				INFOPLIST_FILE = huddleUITests/Info.plist;
				LD_RUNPATH_SEARCH_PATHS = "$(inherited) @executable_path/Frameworks @loader_path/Frameworks";
				PRODUCT_BUNDLE_IDENTIFIER = winter.thomas.huddleUITests;
				PRODUCT_NAME = "$(TARGET_NAME)";
				SWIFT_VERSION = 3.0;
				TEST_TARGET_NAME = huddle;
			};
			name = Debug;
		};
		253AC6E61E7F6B4100A19AD8 /* Release */ = {
			isa = XCBuildConfiguration;
			buildSettings = {
				ALWAYS_EMBED_SWIFT_STANDARD_LIBRARIES = YES;
				DEVELOPMENT_TEAM = 9VEX7Q727F;
				INFOPLIST_FILE = huddleUITests/Info.plist;
				LD_RUNPATH_SEARCH_PATHS = "$(inherited) @executable_path/Frameworks @loader_path/Frameworks";
				PRODUCT_BUNDLE_IDENTIFIER = winter.thomas.huddleUITests;
				PRODUCT_NAME = "$(TARGET_NAME)";
				SWIFT_VERSION = 3.0;
				TEST_TARGET_NAME = huddle;
			};
			name = Release;
		};
/* End XCBuildConfiguration section */

/* Begin XCConfigurationList section */
		253AC6B11E7F6B4000A19AD8 /* Build configuration list for PBXProject "huddle" */ = {
			isa = XCConfigurationList;
			buildConfigurations = (
				253AC6DC1E7F6B4100A19AD8 /* Debug */,
				253AC6DD1E7F6B4100A19AD8 /* Release */,
			);
			defaultConfigurationIsVisible = 0;
			defaultConfigurationName = Release;
		};
		253AC6DE1E7F6B4100A19AD8 /* Build configuration list for PBXNativeTarget "huddle" */ = {
			isa = XCConfigurationList;
			buildConfigurations = (
				253AC6DF1E7F6B4100A19AD8 /* Debug */,
				253AC6E01E7F6B4100A19AD8 /* Release */,
			);
			defaultConfigurationIsVisible = 0;
			defaultConfigurationName = Release;
		};
		253AC6E11E7F6B4100A19AD8 /* Build configuration list for PBXNativeTarget "huddleTests" */ = {
			isa = XCConfigurationList;
			buildConfigurations = (
				253AC6E21E7F6B4100A19AD8 /* Debug */,
				253AC6E31E7F6B4100A19AD8 /* Release */,
			);
			defaultConfigurationIsVisible = 0;
			defaultConfigurationName = Release;
		};
		253AC6E41E7F6B4100A19AD8 /* Build configuration list for PBXNativeTarget "huddleUITests" */ = {
			isa = XCConfigurationList;
			buildConfigurations = (
				253AC6E51E7F6B4100A19AD8 /* Debug */,
				253AC6E61E7F6B4100A19AD8 /* Release */,
			);
			defaultConfigurationIsVisible = 0;
			defaultConfigurationName = Release;
		};
/* End XCConfigurationList section */
	};
	rootObject = 253AC6AE1E7F6B4000A19AD8 /* Project object */;
}
